<?xml version="1.0" encoding="utf-8"?>
<Project ToolsVersion="4.0" xmlns="http://schemas.microsoft.com/developer/msbuild/2003">
  <ItemGroup>
    <Filter Include="소스 파일">
      <UniqueIdentifier>{4FC737F1-C7A5-4376-A066-2A32D752A2FF}</UniqueIdentifier>
      <Extensions>cpp;c;cc;cxx;c++;cppm;ixx;def;odl;idl;hpj;bat;asm;asmx</Extensions>
    </Filter>
    <Filter Include="헤더 파일">
      <UniqueIdentifier>{93995380-89BD-4b04-88EB-625FBE52EBFB}</UniqueIdentifier>
      <Extensions>h;hh;hpp;hxx;h++;hm;inl;inc;ipp;xsd</Extensions>
    </Filter>
    <Filter Include="리소스 파일">
      <UniqueIdentifier>{67DA6AB6-F800-4c08-8B7A-83BB121AAD01}</UniqueIdentifier>
      <Extensions>rc;ico;cur;bmp;dlg;rc2;rct;bin;rgs;gif;jpg;jpeg;jpe;resx;tiff;tif;png;wav;mfcribbon-ms</Extensions>
    </Filter>
    <Filter Include="CH3_표준입출력도구">
      <UniqueIdentifier>{31c699bf-d875-4041-9775-8b347f429b05}</UniqueIdentifier>
    </Filter>
    <Filter Include="CH4_연산자-기본">
      <UniqueIdentifier>{80862495-1393-4084-bb74-b4fd0a708f0b}</UniqueIdentifier>
    </Filter>
    <Filter Include="CH5_연산자-응용">
      <UniqueIdentifier>{46c54029-223a-4aec-a911-eed7a85c4046}</UniqueIdentifier>
    </Filter>
    <Filter Include="CH7_반복문">
      <UniqueIdentifier>{913c9fb6-35c7-4255-96ac-0fb5dd82a1ac}</UniqueIdentifier>
    </Filter>
    <Filter Include="CH6_기본 제어문">
      <UniqueIdentifier>{b560dd62-155a-46e1-afe0-81935af8baf4}</UniqueIdentifier>
    </Filter>
    <Filter Include="CH8_배열">
      <UniqueIdentifier>{a7b58a47-a82d-4bd7-834e-f921b96ea8f0}</UniqueIdentifier>
    </Filter>
    <Filter Include="CH9_배열을활용한프로그래밍기법%28..%29">
      <UniqueIdentifier>{80d690d2-b4c9-46cc-952f-43edf515737c}</UniqueIdentifier>
    </Filter>
    <Filter Include="CH10_함수에대한기본이론">
      <UniqueIdentifier>{99ccb9fa-04b3-4836-b0e8-dd54fe3cb43b}</UniqueIdentifier>
    </Filter>
    <Filter Include="CH12.함수응용">
      <UniqueIdentifier>{9032e4a1-9b00-466a-86d8-1af8877700c8}</UniqueIdentifier>
    </Filter>
    <Filter Include="CH11.메모리와포인터%28..%29">
      <UniqueIdentifier>{86a5c222-3684-4900-b4d3-8df99c52bf94}</UniqueIdentifier>
    </Filter>
    <Filter Include="CH13.구조체와공용체">
      <UniqueIdentifier>{c304735f-7ff3-40f7-89ed-c3f51d407f2d}</UniqueIdentifier>
    </Filter>
    <Filter Include="CH14.파일입출력">
      <UniqueIdentifier>{bf71692f-cce7-4196-887b-fe776053b431}</UniqueIdentifier>
    </Filter>
    <Filter Include="CH15_변수와상수고급이론">
      <UniqueIdentifier>{2305e13f-ebb9-49f0-941c-d41eada12c6d}</UniqueIdentifier>
    </Filter>
  </ItemGroup>
  <ItemGroup>
    <ClCompile Include="EX_01.c">
      <Filter>CH3_표준입출력도구</Filter>
    </ClCompile>
    <ClCompile Include="EX_02.c">
      <Filter>CH3_표준입출력도구</Filter>
    </ClCompile>
    <ClCompile Include="EX_03.c">
      <Filter>CH3_표준입출력도구</Filter>
    </ClCompile>
    <ClCompile Include="PR_03-01.c">
      <Filter>CH3_표준입출력도구</Filter>
    </ClCompile>
    <ClCompile Include="PR_03-02.c">
      <Filter>CH3_표준입출력도구</Filter>
    </ClCompile>
    <ClCompile Include="CH4_EX_01.c">
      <Filter>CH4_연산자-기본</Filter>
    </ClCompile>
    <ClCompile Include="CH4_EX_02.c">
      <Filter>CH4_연산자-기본</Filter>
    </ClCompile>
    <ClCompile Include="CH4_EX_03.c">
      <Filter>CH4_연산자-기본</Filter>
    </ClCompile>
    <ClCompile Include="CH4_EX_04.c">
      <Filter>CH4_연산자-기본</Filter>
    </ClCompile>
    <ClCompile Include="CH4_PR_01.c">
      <Filter>CH4_연산자-기본</Filter>
    </ClCompile>
    <ClCompile Include="CH4_EX_05.c">
      <Filter>CH4_연산자-기본</Filter>
    </ClCompile>
    <ClCompile Include="CH4_PR_02.c">
      <Filter>CH4_연산자-기본</Filter>
    </ClCompile>
    <ClCompile Include="CH4_EX_06.c">
      <Filter>CH4_연산자-기본</Filter>
    </ClCompile>
    <ClCompile Include="CH4_EX_07.c">
      <Filter>CH4_연산자-기본</Filter>
    </ClCompile>
    <ClCompile Include="CH4_EX_08.c">
      <Filter>CH4_연산자-기본</Filter>
    </ClCompile>
    <ClCompile Include="CH4_EX_09.c">
      <Filter>CH4_연산자-기본</Filter>
    </ClCompile>
    <ClCompile Include="CH4_PR_03.c">
      <Filter>CH4_연산자-기본</Filter>
    </ClCompile>
    <ClCompile Include="CH5_EX_01.c">
      <Filter>CH5_연산자-응용</Filter>
    </ClCompile>
    <ClCompile Include="CH5_PR_01.c">
      <Filter>CH5_연산자-응용</Filter>
    </ClCompile>
    <ClCompile Include="CH5_PR_02.c">
      <Filter>CH5_연산자-응용</Filter>
    </ClCompile>
    <ClCompile Include="CH5_PR_03.c">
      <Filter>CH5_연산자-응용</Filter>
    </ClCompile>
    <ClCompile Include="CH5_PR_04.c">
      <Filter>CH5_연산자-응용</Filter>
    </ClCompile>
    <ClCompile Include="CH6_EX_01.c">
      <Filter>CH6_기본 제어문</Filter>
    </ClCompile>
    <ClCompile Include="CH6_EX_03.c">
      <Filter>CH6_기본 제어문</Filter>
    </ClCompile>
    <ClCompile Include="CH6_EX_04.c">
      <Filter>CH6_기본 제어문</Filter>
    </ClCompile>
    <ClCompile Include="CH6_PR_01.c">
      <Filter>CH6_기본 제어문</Filter>
    </ClCompile>
    <ClCompile Include="CH6_EX_02.c">
      <Filter>CH6_기본 제어문</Filter>
    </ClCompile>
    <ClCompile Include="CH6_PR_02.c">
      <Filter>CH6_기본 제어문</Filter>
    </ClCompile>
    <ClCompile Include="CH6_EX_05.c">
      <Filter>CH6_기본 제어문</Filter>
    </ClCompile>
    <ClCompile Include="CH6_PR_03.c">
      <Filter>CH6_기본 제어문</Filter>
    </ClCompile>
    <ClCompile Include="CH6_PR_04.c">
      <Filter>CH6_기본 제어문</Filter>
    </ClCompile>
    <ClCompile Include="CH6_PR_05.c">
      <Filter>CH6_기본 제어문</Filter>
    </ClCompile>
    <ClCompile Include="CH6_PR_06.c">
      <Filter>CH6_기본 제어문</Filter>
    </ClCompile>
    <ClCompile Include="CH6_PR_07.c">
      <Filter>CH6_기본 제어문</Filter>
    </ClCompile>
    <ClCompile Include="CH7_EX_01.c">
      <Filter>CH7_반복문</Filter>
    </ClCompile>
    <ClCompile Include="CH7_PR_01.c">
      <Filter>CH7_반복문</Filter>
    </ClCompile>
    <ClCompile Include="CH7_EX_02.c">
      <Filter>CH7_반복문</Filter>
    </ClCompile>
    <ClCompile Include="CH7_EX_03.c">
      <Filter>CH7_반복문</Filter>
    </ClCompile>
    <ClCompile Include="CH7_EX_04.c">
      <Filter>CH7_반복문</Filter>
    </ClCompile>
    <ClCompile Include="CH7_PR_02.c">
      <Filter>CH7_반복문</Filter>
    </ClCompile>
    <ClCompile Include="CH7_PR_03.c">
      <Filter>CH7_반복문</Filter>
    </ClCompile>
    <ClCompile Include="CH7_PR_04.c">
      <Filter>CH7_반복문</Filter>
    </ClCompile>
    <ClCompile Include="CH7_EX_05.c">
      <Filter>CH7_반복문</Filter>
    </ClCompile>
    <ClCompile Include="CH7_PR_05.c">
      <Filter>CH7_반복문</Filter>
    </ClCompile>
    <ClCompile Include="CH7_PR_06.c">
      <Filter>CH7_반복문</Filter>
    </ClCompile>
    <ClCompile Include="CH7_PR_07.c">
      <Filter>CH7_반복문</Filter>
    </ClCompile>
    <ClCompile Include="CH7_EX_06.c">
      <Filter>CH7_반복문</Filter>
    </ClCompile>
    <ClCompile Include="CH7_PR_08.c">
      <Filter>CH7_반복문</Filter>
    </ClCompile>
    <ClCompile Include="CH7_EX_07.c">
      <Filter>CH7_반복문</Filter>
    </ClCompile>
    <ClCompile Include="CH7_EX_08.c">
      <Filter>CH7_반복문</Filter>
    </ClCompile>
    <ClCompile Include="CH7_PR_09.c">
      <Filter>CH7_반복문</Filter>
    </ClCompile>
    <ClCompile Include="CH7_PR_11.c">
      <Filter>CH7_반복문</Filter>
    </ClCompile>
    <ClCompile Include="CH8_EX_01.c">
      <Filter>CH8_배열</Filter>
    </ClCompile>
    <ClCompile Include="CH8_EX_02.c">
      <Filter>CH8_배열</Filter>
    </ClCompile>
    <ClCompile Include="CH8_EX_03.c">
      <Filter>CH8_배열</Filter>
    </ClCompile>
    <ClCompile Include="CH8_PR_01.c">
      <Filter>CH8_배열</Filter>
    </ClCompile>
    <ClCompile Include="CH8_PR_02.c">
      <Filter>CH8_배열</Filter>
    </ClCompile>
    <ClCompile Include="CH8_EX_04.c">
      <Filter>CH8_배열</Filter>
    </ClCompile>
    <ClCompile Include="CH8_EX_05.c">
      <Filter>CH8_배열</Filter>
    </ClCompile>
    <ClCompile Include="CH8_PR_03%28..%29.c">
      <Filter>CH8_배열</Filter>
    </ClCompile>
    <ClCompile Include="CH8_EX_06.c">
      <Filter>CH8_배열</Filter>
    </ClCompile>
    <ClCompile Include="CH8_PR_04.c">
      <Filter>CH8_배열</Filter>
    </ClCompile>
    <ClCompile Include="CH8_PR_05.c">
      <Filter>CH8_배열</Filter>
    </ClCompile>
    <ClCompile Include="CH7_PR_10.c">
      <Filter>CH7_반복문</Filter>
    </ClCompile>
    <ClCompile Include="CH9_PR_01.c">
      <Filter>CH9_배열을활용한프로그래밍기법%28..%29</Filter>
    </ClCompile>
    <ClCompile Include="CH9_PR_02.c">
      <Filter>CH9_배열을활용한프로그래밍기법%28..%29</Filter>
    </ClCompile>
    <ClCompile Include="CH9_PR_03.c">
      <Filter>CH9_배열을활용한프로그래밍기법%28..%29</Filter>
    </ClCompile>
    <ClCompile Include="CH9_PR_04.c">
      <Filter>CH9_배열을활용한프로그래밍기법%28..%29</Filter>
    </ClCompile>
    <ClCompile Include="CH9_EX_01.c">
      <Filter>CH9_배열을활용한프로그래밍기법%28..%29</Filter>
    </ClCompile>
    <ClCompile Include="CH9_EX_02.c">
      <Filter>CH9_배열을활용한프로그래밍기법%28..%29</Filter>
    </ClCompile>
    <ClCompile Include="CH9_PR_05.c">
      <Filter>CH9_배열을활용한프로그래밍기법%28..%29</Filter>
    </ClCompile>
    <ClCompile Include="CH9_EX_03.c">
      <Filter>CH9_배열을활용한프로그래밍기법%28..%29</Filter>
    </ClCompile>
    <ClCompile Include="CH9_PR_06.c">
      <Filter>CH9_배열을활용한프로그래밍기법%28..%29</Filter>
    </ClCompile>
    <ClCompile Include="CH9_PR_07.c">
      <Filter>CH9_배열을활용한프로그래밍기법%28..%29</Filter>
    </ClCompile>
    <ClCompile Include="CH10_EX_01.c">
      <Filter>CH10_함수에대한기본이론</Filter>
    </ClCompile>
    <ClCompile Include="CH10_EX_02.c">
      <Filter>CH10_함수에대한기본이론</Filter>
    </ClCompile>
    <ClCompile Include="CH10_EX_03.c">
      <Filter>CH10_함수에대한기본이론</Filter>
    </ClCompile>
    <ClCompile Include="CH10_EX_04.c">
      <Filter>CH10_함수에대한기본이론</Filter>
    </ClCompile>
    <ClCompile Include="CH10_EX_05.c">
      <Filter>CH10_함수에대한기본이론</Filter>
    </ClCompile>
    <ClCompile Include="CH10_EX_06.c">
      <Filter>CH10_함수에대한기본이론</Filter>
    </ClCompile>
    <ClCompile Include="CH10_EX_07.c">
      <Filter>CH10_함수에대한기본이론</Filter>
    </ClCompile>
    <ClCompile Include="CH10_EX_08.c">
      <Filter>CH10_함수에대한기본이론</Filter>
    </ClCompile>
    <ClCompile Include="CH10_EX_09.c">
      <Filter>CH10_함수에대한기본이론</Filter>
    </ClCompile>
    <ClCompile Include="CH10_EX_10.c">
      <Filter>CH10_함수에대한기본이론</Filter>
    </ClCompile>
    <ClCompile Include="CH10_EX_11.c">
      <Filter>CH10_함수에대한기본이론</Filter>
    </ClCompile>
    <ClCompile Include="CH10_EX_12.c">
      <Filter>CH10_함수에대한기본이론</Filter>
    </ClCompile>
    <ClCompile Include="CH10_EX_13.c">
      <Filter>CH10_함수에대한기본이론</Filter>
    </ClCompile>
    <ClCompile Include="CH10_PR_1.c">
      <Filter>CH10_함수에대한기본이론</Filter>
    </ClCompile>
    <ClCompile Include="CH10_PR_2.c">
      <Filter>CH10_함수에대한기본이론</Filter>
    </ClCompile>
    <ClCompile Include="CH10_PR_3.c">
      <Filter>CH10_함수에대한기본이론</Filter>
    </ClCompile>
    <ClCompile Include="CH10_PR_4.c">
      <Filter>CH10_함수에대한기본이론</Filter>
    </ClCompile>
    <ClCompile Include="CH11_EX_01.c">
      <Filter>CH11.메모리와포인터%28..%29</Filter>
    </ClCompile>
    <ClCompile Include="CH11_EX_02.c">
      <Filter>CH11.메모리와포인터%28..%29</Filter>
    </ClCompile>
    <ClCompile Include="CH11_EX_03.c">
      <Filter>CH11.메모리와포인터%28..%29</Filter>
    </ClCompile>
    <ClCompile Include="CH11_EX_04.c">
      <Filter>CH11.메모리와포인터%28..%29</Filter>
    </ClCompile>
    <ClCompile Include="CH11_EX_05.c">
      <Filter>CH11.메모리와포인터%28..%29</Filter>
    </ClCompile>
    <ClCompile Include="CH11_EX_06.c">
      <Filter>CH11.메모리와포인터%28..%29</Filter>
    </ClCompile>
    <ClCompile Include="CH11_EX_07.c">
      <Filter>CH11.메모리와포인터%28..%29</Filter>
    </ClCompile>
    <ClCompile Include="CH11_EX_08.c">
      <Filter>CH11.메모리와포인터%28..%29</Filter>
    </ClCompile>
    <ClCompile Include="CH11_EX_09.c">
      <Filter>CH11.메모리와포인터%28..%29</Filter>
    </ClCompile>
    <ClCompile Include="CH11_EX_10.c">
      <Filter>CH11.메모리와포인터%28..%29</Filter>
    </ClCompile>
    <ClCompile Include="CH11_PR_01.c">
      <Filter>CH11.메모리와포인터%28..%29</Filter>
    </ClCompile>
    <ClCompile Include="CH11_PR_01_2.c">
      <Filter>CH11.메모리와포인터%28..%29</Filter>
    </ClCompile>
    <ClCompile Include="CH11_PR_02.c">
      <Filter>CH11.메모리와포인터%28..%29</Filter>
    </ClCompile>
    <ClCompile Include="CH11_PR_03.c">
      <Filter>CH11.메모리와포인터%28..%29</Filter>
    </ClCompile>
    <ClCompile Include="CH11_EX_11.c">
      <Filter>CH11.메모리와포인터%28..%29</Filter>
    </ClCompile>
    <ClCompile Include="CH11_EX_12.c">
      <Filter>CH11.메모리와포인터%28..%29</Filter>
    </ClCompile>
    <ClCompile Include="CH11_PR_04.c">
      <Filter>CH11.메모리와포인터%28..%29</Filter>
    </ClCompile>
    <ClCompile Include="CH11_EX_13.c">
      <Filter>CH11.메모리와포인터%28..%29</Filter>
    </ClCompile>
    <ClCompile Include="CH11_EX_14.c">
      <Filter>CH11.메모리와포인터%28..%29</Filter>
    </ClCompile>
    <ClCompile Include="CH11_EX_15.c">
      <Filter>CH11.메모리와포인터%28..%29</Filter>
    </ClCompile>
    <ClCompile Include="CH11_EX_16.c">
      <Filter>CH11.메모리와포인터%28..%29</Filter>
    </ClCompile>
    <ClCompile Include="CH11_EX_17.c">
      <Filter>CH11.메모리와포인터%28..%29</Filter>
    </ClCompile>
    <ClCompile Include="CH11_EX_18.c">
      <Filter>CH11.메모리와포인터%28..%29</Filter>
    </ClCompile>
    <ClCompile Include="CH11_EX_19.c">
      <Filter>CH11.메모리와포인터%28..%29</Filter>
    </ClCompile>
    <ClCompile Include="CH11_EX_20.c">
      <Filter>CH11.메모리와포인터%28..%29</Filter>
    </ClCompile>
    <ClCompile Include="CH11_EX_21.c">
      <Filter>CH11.메모리와포인터%28..%29</Filter>
    </ClCompile>
    <ClCompile Include="CH11_EX_22.c">
      <Filter>CH11.메모리와포인터%28..%29</Filter>
    </ClCompile>
    <ClCompile Include="CH11_PR_05.c">
      <Filter>CH11.메모리와포인터%28..%29</Filter>
    </ClCompile>
    <ClCompile Include="CH11_PR_06.c">
      <Filter>CH11.메모리와포인터%28..%29</Filter>
    </ClCompile>
    <ClCompile Include="CH11_PR_07.c">
      <Filter>CH11.메모리와포인터%28..%29</Filter>
    </ClCompile>
    <ClCompile Include="CH11_PR_08.c">
      <Filter>CH11.메모리와포인터%28..%29</Filter>
    </ClCompile>
    <ClCompile Include="CH12_EX_01.c">
      <Filter>CH12.함수응용</Filter>
    </ClCompile>
    <ClCompile Include="CH12_EX_02.c">
      <Filter>CH12.함수응용</Filter>
    </ClCompile>
    <ClCompile Include="CH12_EX_03.c">
      <Filter>CH12.함수응용</Filter>
    </ClCompile>
    <ClCompile Include="CH12_EX_04.c">
      <Filter>CH12.함수응용</Filter>
    </ClCompile>
    <ClCompile Include="CH12_EX_05.c">
      <Filter>CH12.함수응용</Filter>
    </ClCompile>
    <ClCompile Include="CH12_EX_06.c">
      <Filter>CH12.함수응용</Filter>
    </ClCompile>
    <ClCompile Include="CH12_EX_07.c">
      <Filter>CH12.함수응용</Filter>
    </ClCompile>
    <ClCompile Include="CH12_PR_01.c">
      <Filter>CH12.함수응용</Filter>
    </ClCompile>
    <ClCompile Include="CH12_EX_08.c">
      <Filter>CH12.함수응용</Filter>
    </ClCompile>
    <ClCompile Include="CH12_EX_09.c">
      <Filter>CH12.함수응용</Filter>
    </ClCompile>
    <ClCompile Include="CH12_EX_10.c">
      <Filter>CH12.함수응용</Filter>
    </ClCompile>
    <ClCompile Include="CH12_EX_11.c">
      <Filter>CH12.함수응용</Filter>
    </ClCompile>
    <ClCompile Include="CH12_EX_12.c">
      <Filter>CH12.함수응용</Filter>
    </ClCompile>
    <ClCompile Include="CH12_EX_13.c">
      <Filter>CH12.함수응용</Filter>
    </ClCompile>
    <ClCompile Include="CH12_EX_14.c">
      <Filter>CH12.함수응용</Filter>
    </ClCompile>
    <ClCompile Include="CH12_EX_15.c">
      <Filter>CH12.함수응용</Filter>
    </ClCompile>
    <ClCompile Include="CH12_EX_16.c">
      <Filter>CH12.함수응용</Filter>
    </ClCompile>
    <ClCompile Include="CH12_PR_02.c">
      <Filter>CH12.함수응용</Filter>
    </ClCompile>
    <ClCompile Include="CH12_EX_17.c">
      <Filter>CH12.함수응용</Filter>
    </ClCompile>
    <ClCompile Include="CH12_EX_18.c">
      <Filter>CH12.함수응용</Filter>
    </ClCompile>
    <ClCompile Include="CH12_EX_19.c">
      <Filter>CH12.함수응용</Filter>
    </ClCompile>
    <ClCompile Include="CH12_EX_20.c">
      <Filter>CH12.함수응용</Filter>
    </ClCompile>
    <ClCompile Include="CH12_EX_21.c">
      <Filter>CH12.함수응용</Filter>
    </ClCompile>
    <ClCompile Include="CH12_EX_22.c">
      <Filter>CH12.함수응용</Filter>
    </ClCompile>
    <ClCompile Include="CH12_EX_23.c">
      <Filter>CH12.함수응용</Filter>
    </ClCompile>
    <ClCompile Include="CH12_EX_24.c">
      <Filter>CH12.함수응용</Filter>
    </ClCompile>
    <ClCompile Include="CH12_PR_03.c">
      <Filter>CH12.함수응용</Filter>
    </ClCompile>
    <ClCompile Include="CH12_PR_04.c">
      <Filter>CH12.함수응용</Filter>
    </ClCompile>
    <ClCompile Include="CH12_PR_05.c">
      <Filter>CH12.함수응용</Filter>
    </ClCompile>
    <ClCompile Include="CH12_PR_06.c">
      <Filter>CH12.함수응용</Filter>
    </ClCompile>
    <ClCompile Include="CH12_PR_07.c">
      <Filter>CH12.함수응용</Filter>
    </ClCompile>
    <ClCompile Include="CH12_PR_08.c">
      <Filter>CH12.함수응용</Filter>
    </ClCompile>
    <ClCompile Include="CH13_EX_01.c">
      <Filter>CH13.구조체와공용체</Filter>
    </ClCompile>
    <ClCompile Include="CH13_EX_02.c">
      <Filter>CH13.구조체와공용체</Filter>
    </ClCompile>
    <ClCompile Include="CH13_EX_03.c">
      <Filter>CH13.구조체와공용체</Filter>
    </ClCompile>
    <ClCompile Include="CH13_EX_04.c">
      <Filter>CH13.구조체와공용체</Filter>
    </ClCompile>
    <ClCompile Include="CH13_EX_05.c">
      <Filter>CH13.구조체와공용체</Filter>
    </ClCompile>
    <ClCompile Include="CH13_EX_06.c">
      <Filter>CH13.구조체와공용체</Filter>
    </ClCompile>
    <ClCompile Include="CH13_EX_07.c">
      <Filter>CH13.구조체와공용체</Filter>
    </ClCompile>
    <ClCompile Include="CH13_EX_08.c">
      <Filter>CH13.구조체와공용체</Filter>
    </ClCompile>
    <ClCompile Include="CH13_EX_09.c">
      <Filter>CH13.구조체와공용체</Filter>
    </ClCompile>
    <ClCompile Include="CH13_EX_10.c">
      <Filter>CH13.구조체와공용체</Filter>
    </ClCompile>
    <ClCompile Include="CH13_EX_11.c">
      <Filter>CH13.구조체와공용체</Filter>
    </ClCompile>
    <ClCompile Include="CH13_EX_12.c">
      <Filter>CH13.구조체와공용체</Filter>
    </ClCompile>
    <ClCompile Include="CH14_EX_01.c">
      <Filter>CH14.파일입출력</Filter>
    </ClCompile>
    <ClCompile Include="CH14_EX_02.c">
      <Filter>CH14.파일입출력</Filter>
    </ClCompile>
    <ClCompile Include="CH14_EX_03.c">
      <Filter>CH14.파일입출력</Filter>
    </ClCompile>
    <ClCompile Include="CH14_EX_04.c">
      <Filter>CH14.파일입출력</Filter>
    </ClCompile>
    <ClCompile Include="CH14_EX_05.c">
      <Filter>CH14.파일입출력</Filter>
    </ClCompile>
    <ClCompile Include="CH14_EX_06.c">
      <Filter>CH14.파일입출력</Filter>
    </ClCompile>
    <ClCompile Include="CH14_EX_07.c">
      <Filter>CH14.파일입출력</Filter>
    </ClCompile>
    <ClCompile Include="CH14_EX_08.c">
      <Filter>CH14.파일입출력</Filter>
    </ClCompile>
    <ClCompile Include="CH14_EX_09.c">
      <Filter>CH14.파일입출력</Filter>
    </ClCompile>
    <ClCompile Include="CH14_EX_10.c">
      <Filter>CH14.파일입출력</Filter>
    </ClCompile>
    <ClCompile Include="CH14_EX_11.c">
      <Filter>CH14.파일입출력</Filter>
    </ClCompile>
    <ClCompile Include="CH15_EX_01.c">
      <Filter>CH15_변수와상수고급이론</Filter>
    </ClCompile>
    <ClCompile Include="CH15_EX_02.c">
      <Filter>CH15_변수와상수고급이론</Filter>
    </ClCompile>
    <ClCompile Include="CH15_EX_03.c">
      <Filter>CH15_변수와상수고급이론</Filter>
    </ClCompile>
    <ClCompile Include="CH15_EX_04.c">
      <Filter>CH15_변수와상수고급이론</Filter>
    </ClCompile>
    <ClCompile Include="CH15_EX_05.c">
      <Filter>CH15_변수와상수고급이론</Filter>
    </ClCompile>
    <ClCompile Include="CH15_EX_06.c">
      <Filter>CH15_변수와상수고급이론</Filter>
    </ClCompile>
    <ClCompile Include="CH15_EX_07.c">
      <Filter>CH15_변수와상수고급이론</Filter>
    </ClCompile>
    <ClCompile Include="CH15_EX_08.c">
      <Filter>CH15_변수와상수고급이론</Filter>
    </ClCompile>
    <ClCompile Include="CH15_EX_09.c">
      <Filter>CH15_변수와상수고급이론</Filter>
    </ClCompile>
    <ClCompile Include="CH15_EX_10.c">
      <Filter>CH15_변수와상수고급이론</Filter>
    </ClCompile>
    <ClCompile Include="CH15_EX_11.c">
      <Filter>CH15_변수와상수고급이론</Filter>
    </ClCompile>
    <ClCompile Include="CH15_EX_12.c">
      <Filter>CH15_변수와상수고급이론</Filter>
    </ClCompile>
    <ClCompile Include="CH15_EX_13.c">
      <Filter>CH15_변수와상수고급이론</Filter>
    </ClCompile>
    <ClCompile Include="CH15_EX_14.c">
      <Filter>CH15_변수와상수고급이론</Filter>
    </ClCompile>
    <ClCompile Include="CH15_EX_15.c">
      <Filter>CH15_변수와상수고급이론</Filter>
    </ClCompile>
  </ItemGroup>
</Project>