<?xml version="1.0" encoding="utf-8"?>
<Project ToolsVersion="4.0" xmlns="http://schemas.microsoft.com/developer/msbuild/2003">
  <ItemGroup>
    <Filter Include="소스 파일">
      <UniqueIdentifier>{4FC737F1-C7A5-4376-A066-2A32D752A2FF}</UniqueIdentifier>
      <Extensions>cpp;c;cc;cxx;c++;cppm;ixx;def;odl;idl;hpj;bat;asm;asmx</Extensions>
    </Filter>
    <Filter Include="헤더 파일">
      <UniqueIdentifier>{93995380-89BD-4b04-88EB-625FBE52EBFB}</UniqueIdentifier>
      <Extensions>h;hh;hpp;hxx;h++;hm;inl;inc;ipp;xsd</Extensions>
    </Filter>
    <Filter Include="리소스 파일">
      <UniqueIdentifier>{67DA6AB6-F800-4c08-8B7A-83BB121AAD01}</UniqueIdentifier>
      <Extensions>rc;ico;cur;bmp;dlg;rc2;rct;bin;rgs;gif;jpg;jpeg;jpe;resx;tiff;tif;png;wav;mfcribbon-ms</Extensions>
    </Filter>
    <Filter Include="CH3_표준입출력도구">
      <UniqueIdentifier>{31c699bf-d875-4041-9775-8b347f429b05}</UniqueIdentifier>
    </Filter>
    <Filter Include="CH4_연산자-기본">
      <UniqueIdentifier>{80862495-1393-4084-bb74-b4fd0a708f0b}</UniqueIdentifier>
    </Filter>
    <Filter Include="CH5_연산자-응용">
      <UniqueIdentifier>{46c54029-223a-4aec-a911-eed7a85c4046}</UniqueIdentifier>
    </Filter>
    <Filter Include="CH7_반복문">
      <UniqueIdentifier>{913c9fb6-35c7-4255-96ac-0fb5dd82a1ac}</UniqueIdentifier>
    </Filter>
    <Filter Include="CH6_기본 제어문">
      <UniqueIdentifier>{b560dd62-155a-46e1-afe0-81935af8baf4}</UniqueIdentifier>
    </Filter>
  </ItemGroup>
  <ItemGroup>
    <ClCompile Include="EX_01.c">
      <Filter>CH3_표준입출력도구</Filter>
    </ClCompile>
    <ClCompile Include="EX_02.c">
      <Filter>CH3_표준입출력도구</Filter>
    </ClCompile>
    <ClCompile Include="EX_03.c">
      <Filter>CH3_표준입출력도구</Filter>
    </ClCompile>
    <ClCompile Include="PR_03-01.c">
      <Filter>CH3_표준입출력도구</Filter>
    </ClCompile>
    <ClCompile Include="PR_03-02.c">
      <Filter>CH3_표준입출력도구</Filter>
    </ClCompile>
    <ClCompile Include="CH4_EX_01.c">
      <Filter>CH4_연산자-기본</Filter>
    </ClCompile>
    <ClCompile Include="CH4_EX_02.c">
      <Filter>CH4_연산자-기본</Filter>
    </ClCompile>
    <ClCompile Include="CH4_EX_03.c">
      <Filter>CH4_연산자-기본</Filter>
    </ClCompile>
    <ClCompile Include="CH4_EX_04.c">
      <Filter>CH4_연산자-기본</Filter>
    </ClCompile>
    <ClCompile Include="CH4_PR_01.c">
      <Filter>CH4_연산자-기본</Filter>
    </ClCompile>
    <ClCompile Include="CH4_EX_05.c">
      <Filter>CH4_연산자-기본</Filter>
    </ClCompile>
    <ClCompile Include="CH4_PR_02.c">
      <Filter>CH4_연산자-기본</Filter>
    </ClCompile>
    <ClCompile Include="CH4_EX_06.c">
      <Filter>CH4_연산자-기본</Filter>
    </ClCompile>
    <ClCompile Include="CH4_EX_07.c">
      <Filter>CH4_연산자-기본</Filter>
    </ClCompile>
    <ClCompile Include="CH4_EX_08.c">
      <Filter>CH4_연산자-기본</Filter>
    </ClCompile>
    <ClCompile Include="CH4_EX_09.c">
      <Filter>CH4_연산자-기본</Filter>
    </ClCompile>
    <ClCompile Include="CH4_PR_03.c">
      <Filter>CH4_연산자-기본</Filter>
    </ClCompile>
    <ClCompile Include="CH5_EX_01.c">
      <Filter>CH5_연산자-응용</Filter>
    </ClCompile>
    <ClCompile Include="CH5_PR_01.c">
      <Filter>CH5_연산자-응용</Filter>
    </ClCompile>
    <ClCompile Include="CH5_PR_02.c">
      <Filter>CH5_연산자-응용</Filter>
    </ClCompile>
    <ClCompile Include="CH5_PR_03.c">
      <Filter>CH5_연산자-응용</Filter>
    </ClCompile>
    <ClCompile Include="CH5_PR_04.c">
      <Filter>CH5_연산자-응용</Filter>
    </ClCompile>
    <ClCompile Include="CH6_EX_01.c">
      <Filter>CH6_기본 제어문</Filter>
    </ClCompile>
    <ClCompile Include="CH6_EX_03.c">
      <Filter>CH6_기본 제어문</Filter>
    </ClCompile>
    <ClCompile Include="CH6_EX_04.c">
      <Filter>CH6_기본 제어문</Filter>
    </ClCompile>
    <ClCompile Include="CH6_PR_01.c">
      <Filter>CH6_기본 제어문</Filter>
    </ClCompile>
    <ClCompile Include="CH6_EX_02.c">
      <Filter>CH6_기본 제어문</Filter>
    </ClCompile>
    <ClCompile Include="CH6_PR_02.c">
      <Filter>CH6_기본 제어문</Filter>
    </ClCompile>
    <ClCompile Include="CH6_EX_05.c">
      <Filter>CH6_기본 제어문</Filter>
    </ClCompile>
    <ClCompile Include="CH6_PR_03.c">
      <Filter>CH6_기본 제어문</Filter>
    </ClCompile>
    <ClCompile Include="CH6_PR_04.c">
      <Filter>CH6_기본 제어문</Filter>
    </ClCompile>
    <ClCompile Include="CH6_PR_05.c">
      <Filter>CH6_기본 제어문</Filter>
    </ClCompile>
    <ClCompile Include="CH6_PR_06.c">
      <Filter>CH6_기본 제어문</Filter>
    </ClCompile>
    <ClCompile Include="CH6_PR_07.c">
      <Filter>CH6_기본 제어문</Filter>
    </ClCompile>
    <ClCompile Include="CH7_EX_01.c">
      <Filter>CH7_반복문</Filter>
    </ClCompile>
    <ClCompile Include="CH7_PR_01.c">
      <Filter>CH7_반복문</Filter>
    </ClCompile>
    <ClCompile Include="CH7_EX_02.c">
      <Filter>CH7_반복문</Filter>
    </ClCompile>
    <ClCompile Include="CH7_EX_03.c">
      <Filter>CH7_반복문</Filter>
    </ClCompile>
    <ClCompile Include="CH7_EX_04.c">
      <Filter>CH7_반복문</Filter>
    </ClCompile>
    <ClCompile Include="CH7_PR_02.c">
      <Filter>CH7_반복문</Filter>
    </ClCompile>
    <ClCompile Include="CH7_PR_03.c">
      <Filter>CH7_반복문</Filter>
    </ClCompile>
    <ClCompile Include="CH7_PR_04.c">
      <Filter>CH7_반복문</Filter>
    </ClCompile>
    <ClCompile Include="CH7_EX_05.c">
      <Filter>CH7_반복문</Filter>
    </ClCompile>
    <ClCompile Include="CH7_PR_05.c">
      <Filter>CH7_반복문</Filter>
    </ClCompile>
    <ClCompile Include="CH7_PR_06.c">
      <Filter>CH7_반복문</Filter>
    </ClCompile>
    <ClCompile Include="CH7_PR_07.c">
      <Filter>CH7_반복문</Filter>
    </ClCompile>
    <ClCompile Include="CH7_EX_06.c">
      <Filter>CH7_반복문</Filter>
    </ClCompile>
    <ClCompile Include="CH7_PR_08.c">
      <Filter>CH7_반복문</Filter>
    </ClCompile>
    <ClCompile Include="CH7_EX_07.c">
      <Filter>CH7_반복문</Filter>
    </ClCompile>
    <ClCompile Include="CH7_EX_08.c">
      <Filter>CH7_반복문</Filter>
    </ClCompile>
    <ClCompile Include="CH7_PR_09.c">
      <Filter>CH7_반복문</Filter>
    </ClCompile>
    <ClCompile Include="CH7_PR_10.c">
      <Filter>소스 파일</Filter>
    </ClCompile>
  </ItemGroup>
</Project>