<?xml version="1.0" encoding="utf-8"?>
<Project ToolsVersion="4.0" xmlns="http://schemas.microsoft.com/developer/msbuild/2003">
  <ItemGroup>
    <Filter Include="소스 파일">
      <UniqueIdentifier>{4FC737F1-C7A5-4376-A066-2A32D752A2FF}</UniqueIdentifier>
      <Extensions>cpp;c;cc;cxx;c++;cppm;ixx;def;odl;idl;hpj;bat;asm;asmx</Extensions>
    </Filter>
    <Filter Include="헤더 파일">
      <UniqueIdentifier>{93995380-89BD-4b04-88EB-625FBE52EBFB}</UniqueIdentifier>
      <Extensions>h;hh;hpp;hxx;h++;hm;inl;inc;ipp;xsd</Extensions>
    </Filter>
    <Filter Include="리소스 파일">
      <UniqueIdentifier>{67DA6AB6-F800-4c08-8B7A-83BB121AAD01}</UniqueIdentifier>
      <Extensions>rc;ico;cur;bmp;dlg;rc2;rct;bin;rgs;gif;jpg;jpeg;jpe;resx;tiff;tif;png;wav;mfcribbon-ms</Extensions>
    </Filter>
    <Filter Include="CH3">
      <UniqueIdentifier>{61028033-548d-45e1-aa04-e64ed9072042}</UniqueIdentifier>
    </Filter>
    <Filter Include="CH3\예제">
      <UniqueIdentifier>{857c0071-3ad2-4f34-9259-bcbe656042d2}</UniqueIdentifier>
    </Filter>
    <Filter Include="CH3\Programming">
      <UniqueIdentifier>{c0b47c22-184a-4692-ae79-4619f55a66b7}</UniqueIdentifier>
    </Filter>
  </ItemGroup>
  <ItemGroup>
    <ClCompile Include="CH3_LAB3.c">
      <Filter>CH3\예제</Filter>
    </ClCompile>
    <ClCompile Include="CH3_Miniproject.c">
      <Filter>CH3\예제</Filter>
    </ClCompile>
    <ClCompile Include="CH3_LAB1.c">
      <Filter>CH3\예제</Filter>
    </ClCompile>
    <ClCompile Include="CH3_LAB2.c">
      <Filter>CH3\예제</Filter>
    </ClCompile>
    <ClCompile Include="CH3_Midtest.c">
      <Filter>CH3\예제</Filter>
    </ClCompile>
    <ClCompile Include="CH3_EX_add2.c">
      <Filter>CH3\예제</Filter>
    </ClCompile>
    <ClCompile Include="CH3_PG_01.c">
      <Filter>CH3\Programming</Filter>
    </ClCompile>
    <ClCompile Include="CH3_PG_02.c">
      <Filter>CH3\Programming</Filter>
    </ClCompile>
    <ClCompile Include="CH3_PG_03.c">
      <Filter>CH3\Programming</Filter>
    </ClCompile>
    <ClCompile Include="CH3_PG_04.c">
      <Filter>CH3\Programming</Filter>
    </ClCompile>
    <ClCompile Include="CH3_PG_05.c">
      <Filter>CH3\Programming</Filter>
    </ClCompile>
    <ClCompile Include="CH3_PG_06.c">
      <Filter>CH3\Programming</Filter>
    </ClCompile>
  </ItemGroup>
</Project>